Microsoft Visual Studio Solution File, Format Version 12.00
# Visual Studio Version 17
VisualStudioVersion = 17.5.2.0
MinimumVisualStudioVersion = 10.0.40219.1
Project("{FAE04EC0-301F-11D3-BF4B-00C04F79EFBC}") = "SpotifyCloneAPI", "SpotifyCloneAPI\SpotifyCloneAPI.csproj", "{0A50184C-EC9E-3F68-F4BE-E1C08D2BF2CD}"
EndProject
Global
	GlobalSection(SolutionConfigurationPlatforms) = preSolution
		Debug|Any CPU = Debug|Any CPU
		Release|Any CPU = Release|Any CPU
	EndGlobalSection
	GlobalSection(ProjectConfigurationPlatforms) = postSolution
		{0A50184C-EC9E-3F68-F4BE-E1C08D2BF2CD}.Debug|Any CPU.ActiveCfg = Debug|Any CPU
		{0A50184C-EC9E-3F68-F4BE-E1C08D2BF2CD}.Debug|Any CPU.Build.0 = Debug|Any CPU
		{0A50184C-EC9E-3F68-F4BE-E1C08D2BF2CD}.Release|Any CPU.ActiveCfg = Release|Any CPU
		{0A50184C-EC9E-3F68-F4BE-E1C08D2BF2CD}.Release|Any CPU.Build.0 = Release|Any CPU
	EndGlobalSection
	GlobalSection(SolutionProperties) = preSolution
		HideSolutionNode = FALSE
	EndGlobalSection
	GlobalSection(ExtensibilityGlobals) = postSolution
		SolutionGuid = {2781B1BA-3789-49E4-BF46-58ED93FAFC09}
	EndGlobalSection
EndGlobal
